
Microsoft Visual Studio Solution File, Format Version 12.00
# Visual Studio Version 17
VisualStudioVersion = 17.13.35919.96 d17.13
MinimumVisualStudioVersion = 10.0.40219.1
Project("{FAE04EC0-301F-11D3-BF4B-00C04F79EFBC}") = "Screen Sound", "Screen Sound\Screen Sound.csproj", "{0FCC90A1-F0CE-46F0-AFBD-15135C8C7C04}"
EndProject
Global
	GlobalSection(SolutionConfigurationPlatforms) = preSolution
		Debug|Any CPU = Debug|Any CPU
		Release|Any CPU = Release|Any CPU
	EndGlobalSection
	GlobalSection(ProjectConfigurationPlatforms) = postSolution
		{0FCC90A1-F0CE-46F0-AFBD-15135C8C7C04}.Debug|Any CPU.ActiveCfg = Debug|Any CPU
		{0FCC90A1-F0CE-46F0-AFBD-15135C8C7C04}.Debug|Any CPU.Build.0 = Debug|Any CPU
		{0FCC90A1-F0CE-46F0-AFBD-15135C8C7C04}.Release|Any CPU.ActiveCfg = Release|Any CPU
		{0FCC90A1-F0CE-46F0-AFBD-15135C8C7C04}.Release|Any CPU.Build.0 = Release|Any CPU
	EndGlobalSection
	GlobalSection(SolutionProperties) = preSolution
		HideSolutionNode = FALSE
	EndGlobalSection
	GlobalSection(ExtensibilityGlobals) = postSolution
		SolutionGuid = {D959509C-2296-4202-9C88-72C213552B0A}
	EndGlobalSection
EndGlobal
